// !$*UTF8*$!
{
	archiveVersion = 1;
	classes = {
	};
	objectVersion = 46;
	objects = {

/* Begin PBXBuildFile section */
		8A310DEB1E25D1CF00B85BBB /* SRSwitch.h in Headers */ = {isa = PBXBuildFile; fileRef = 8A310DE91E25D1CF00B85BBB /* SRSwitch.h */; settings = {ATTRIBUTES = (Public, ); }; };
		8A310DF51E25D1F200B85BBB /* SRSwitch.h in Headers */ = {isa = PBXBuildFile; fileRef = 8A310DE91E25D1CF00B85BBB /* SRSwitch.h */; settings = {ATTRIBUTES = (Public, ); }; };
		8A310DFF1E25D34C00B85BBB /* SRSwitch.swift in Sources */ = {isa = PBXBuildFile; fileRef = 8A310DFD1E25D34C00B85BBB /* SRSwitch.swift */; };
		8A310E001E25D34C00B85BBB /* SRTimerSwitch.swift in Sources */ = {isa = PBXBuildFile; fileRef = 8A310DFE1E25D34C00B85BBB /* SRTimerSwitch.swift */; };
		8A310E011E25D35200B85BBB /* SRSwitch.swift in Sources */ = {isa = PBXBuildFile; fileRef = 8A310DFD1E25D34C00B85BBB /* SRSwitch.swift */; };
		8A310E021E25D35500B85BBB /* SRTimerSwitch.swift in Sources */ = {isa = PBXBuildFile; fileRef = 8A310DFE1E25D34C00B85BBB /* SRTimerSwitch.swift */; };
/* End PBXBuildFile section */

/* Begin PBXFileReference section */
		8A310DE61E25D1CF00B85BBB /* SRSwitch.framework */ = {isa = PBXFileReference; explicitFileType = wrapper.framework; includeInIndex = 0; path = SRSwitch.framework; sourceTree = BUILT_PRODUCTS_DIR; };
		8A310DE91E25D1CF00B85BBB /* SRSwitch.h */ = {isa = PBXFileReference; lastKnownFileType = sourcecode.c.h; path = SRSwitch.h; sourceTree = "<group>"; };
		8A310DEA1E25D1CF00B85BBB /* Info.plist */ = {isa = PBXFileReference; lastKnownFileType = text.plist.xml; path = Info.plist; sourceTree = "<group>"; };
		8A310DFA1E25D1F200B85BBB /* SRSwitch.framework */ = {isa = PBXFileReference; explicitFileType = wrapper.framework; includeInIndex = 0; path = SRSwitch.framework; sourceTree = BUILT_PRODUCTS_DIR; };
		8A310DFD1E25D34C00B85BBB /* SRSwitch.swift */ = {isa = PBXFileReference; fileEncoding = 4; lastKnownFileType = sourcecode.swift; path = SRSwitch.swift; sourceTree = "<group>"; };
		8A310DFE1E25D34C00B85BBB /* SRTimerSwitch.swift */ = {isa = PBXFileReference; fileEncoding = 4; lastKnownFileType = sourcecode.swift; path = SRTimerSwitch.swift; sourceTree = "<group>"; };
/* End PBXFileReference section */

/* Begin PBXFrameworksBuildPhase section */
		8A310DE21E25D1CE00B85BBB /* Frameworks */ = {
			isa = PBXFrameworksBuildPhase;
			buildActionMask = 2147483647;
			files = (
			);
			runOnlyForDeploymentPostprocessing = 0;
		};
		8A310DF31E25D1F200B85BBB /* Frameworks */ = {
			isa = PBXFrameworksBuildPhase;
			buildActionMask = 2147483647;
			files = (
			);
			runOnlyForDeploymentPostprocessing = 0;
		};
/* End PBXFrameworksBuildPhase section */

/* Begin PBXGroup section */
		8A310DDC1E25D1CE00B85BBB = {
			isa = PBXGroup;
			children = (
				8A310DE81E25D1CF00B85BBB /* SRSwitch */,
				8A310DE71E25D1CF00B85BBB /* Products */,
			);
			sourceTree = "<group>";
		};
		8A310DE71E25D1CF00B85BBB /* Products */ = {
			isa = PBXGroup;
			children = (
				8A310DE61E25D1CF00B85BBB /* SRSwitch.framework */,
				8A310DFA1E25D1F200B85BBB /* SRSwitch.framework */,
			);
			name = Products;
			sourceTree = "<group>";
		};
		8A310DE81E25D1CF00B85BBB /* SRSwitch */ = {
			isa = PBXGroup;
			children = (
				8A310DFC1E25D34C00B85BBB /* Source */,
				8A310DE91E25D1CF00B85BBB /* SRSwitch.h */,
				8A310DEA1E25D1CF00B85BBB /* Info.plist */,
			);
			path = SRSwitch;
			sourceTree = "<group>";
		};
		8A310DFC1E25D34C00B85BBB /* Source */ = {
			isa = PBXGroup;
			children = (
				8A310DFD1E25D34C00B85BBB /* SRSwitch.swift */,
				8A310DFE1E25D34C00B85BBB /* SRTimerSwitch.swift */,
			);
			path = Source;
			sourceTree = SOURCE_ROOT;
		};
/* End PBXGroup section */

/* Begin PBXHeadersBuildPhase section */
		8A310DE31E25D1CE00B85BBB /* Headers */ = {
			isa = PBXHeadersBuildPhase;
			buildActionMask = 2147483647;
			files = (
				8A310DEB1E25D1CF00B85BBB /* SRSwitch.h in Headers */,
			);
			runOnlyForDeploymentPostprocessing = 0;
		};
		8A310DF41E25D1F200B85BBB /* Headers */ = {
			isa = PBXHeadersBuildPhase;
			buildActionMask = 2147483647;
			files = (
				8A310DF51E25D1F200B85BBB /* SRSwitch.h in Headers */,
			);
			runOnlyForDeploymentPostprocessing = 0;
		};
/* End PBXHeadersBuildPhase section */

/* Begin PBXNativeTarget section */
		8A310DE51E25D1CE00B85BBB /* SRSwitch_macOS */ = {
			isa = PBXNativeTarget;
			buildConfigurationList = 8A310DEE1E25D1CF00B85BBB /* Build configuration list for PBXNativeTarget "SRSwitch_macOS" */;
			buildPhases = (
				8A310DE11E25D1CE00B85BBB /* Sources */,
				8A310DE21E25D1CE00B85BBB /* Frameworks */,
				8A310DE31E25D1CE00B85BBB /* Headers */,
				8A310DE41E25D1CE00B85BBB /* Resources */,
			);
			buildRules = (
			);
			dependencies = (
			);
			name = SRSwitch_macOS;
			productName = SRSwitch;
			productReference = 8A310DE61E25D1CF00B85BBB /* SRSwitch.framework */;
			productType = "com.apple.product-type.framework";
		};
		8A310DF11E25D1F200B85BBB /* SRSwitch_iOS */ = {
			isa = PBXNativeTarget;
			buildConfigurationList = 8A310DF71E25D1F200B85BBB /* Build configuration list for PBXNativeTarget "SRSwitch_iOS" */;
			buildPhases = (
				8A310DF21E25D1F200B85BBB /* Sources */,
				8A310DF31E25D1F200B85BBB /* Frameworks */,
				8A310DF41E25D1F200B85BBB /* Headers */,
				8A310DF61E25D1F200B85BBB /* Resources */,
			);
			buildRules = (
			);
			dependencies = (
			);
			name = SRSwitch_iOS;
			productName = SRSwitch;
			productReference = 8A310DFA1E25D1F200B85BBB /* SRSwitch.framework */;
			productType = "com.apple.product-type.framework";
		};
/* End PBXNativeTarget section */

/* Begin PBXProject section */
		8A310DDD1E25D1CE00B85BBB /* Project object */ = {
			isa = PBXProject;
			attributes = {
				LastUpgradeCheck = 1020;
				ORGANIZATIONNAME = Seorenn;
				TargetAttributes = {
					8A310DE51E25D1CE00B85BBB = {
						CreatedOnToolsVersion = 8.2.1;
						LastSwiftMigration = 1020;
						ProvisioningStyle = Automatic;
					};
				};
			};
			buildConfigurationList = 8A310DE01E25D1CE00B85BBB /* Build configuration list for PBXProject "SRSwitch" */;
			compatibilityVersion = "Xcode 3.2";
			developmentRegion = en;
			hasScannedForEncodings = 0;
			knownRegions = (
				en,
				Base,
			);
			mainGroup = 8A310DDC1E25D1CE00B85BBB;
			productRefGroup = 8A310DE71E25D1CF00B85BBB /* Products */;
			projectDirPath = "";
			projectRoot = "";
			targets = (
				8A310DE51E25D1CE00B85BBB /* SRSwitch_macOS */,
				8A310DF11E25D1F200B85BBB /* SRSwitch_iOS */,
			);
		};
/* End PBXProject section */

/* Begin PBXResourcesBuildPhase section */
		8A310DE41E25D1CE00B85BBB /* Resources */ = {
			isa = PBXResourcesBuildPhase;
			buildActionMask = 2147483647;
			files = (
			);
			runOnlyForDeploymentPostprocessing = 0;
		};
		8A310DF61E25D1F200B85BBB /* Resources */ = {
			isa = PBXResourcesBuildPhase;
			buildActionMask = 2147483647;
			files = (
			);
			runOnlyForDeploymentPostprocessing = 0;
		};
/* End PBXResourcesBuildPhase section */

/* Begin PBXSourcesBuildPhase section */
		8A310DE11E25D1CE00B85BBB /* Sources */ = {
			isa = PBXSourcesBuildPhase;
			buildActionMask = 2147483647;
			files = (
				8A310E001E25D34C00B85BBB /* SRTimerSwitch.swift in Sources */,
				8A310DFF1E25D34C00B85BBB /* SRSwitch.swift in Sources */,
			);
			runOnlyForDeploymentPostprocessing = 0;
		};
		8A310DF21E25D1F200B85BBB /* Sources */ = {
			isa = PBXSourcesBuildPhase;
			buildActionMask = 2147483647;
			files = (
				8A310E021E25D35500B85BBB /* SRTimerSwitch.swift in Sources */,
				8A310E011E25D35200B85BBB /* SRSwitch.swift in Sources */,
			);
			runOnlyForDeploymentPostprocessing = 0;
		};
/* End PBXSourcesBuildPhase section */

/* Begin XCBuildConfiguration section */
		8A310DEC1E25D1CF00B85BBB /* Debug */ = {
			isa = XCBuildConfiguration;
			buildSettings = {
				ALWAYS_SEARCH_USER_PATHS = NO;
				CLANG_ANALYZER_LOCALIZABILITY_NONLOCALIZED = YES;
				CLANG_ANALYZER_NONNULL = YES;
				CLANG_CXX_LANGUAGE_STANDARD = "gnu++0x";
				CLANG_CXX_LIBRARY = "libc++";
				CLANG_ENABLE_MODULES = YES;
				CLANG_ENABLE_OBJC_ARC = YES;
				CLANG_WARN_BLOCK_CAPTURE_AUTORELEASING = YES;
				CLANG_WARN_BOOL_CONVERSION = YES;
				CLANG_WARN_COMMA = YES;
				CLANG_WARN_CONSTANT_CONVERSION = YES;
				CLANG_WARN_DEPRECATED_OBJC_IMPLEMENTATIONS = YES;
				CLANG_WARN_DIRECT_OBJC_ISA_USAGE = YES_ERROR;
				CLANG_WARN_DOCUMENTATION_COMMENTS = YES;
				CLANG_WARN_EMPTY_BODY = YES;
				CLANG_WARN_ENUM_CONVERSION = YES;
				CLANG_WARN_INFINITE_RECURSION = YES;
				CLANG_WARN_INT_CONVERSION = YES;
				CLANG_WARN_NON_LITERAL_NULL_CONVERSION = YES;
				CLANG_WARN_OBJC_IMPLICIT_RETAIN_SELF = YES;
				CLANG_WARN_OBJC_LITERAL_CONVERSION = YES;
				CLANG_WARN_OBJC_ROOT_CLASS = YES_ERROR;
				CLANG_WARN_RANGE_LOOP_ANALYSIS = YES;
				CLANG_WARN_STRICT_PROTOTYPES = YES;
				CLANG_WARN_SUSPICIOUS_MOVE = YES;
				CLANG_WARN_UNREACHABLE_CODE = YES;
				CLANG_WARN__DUPLICATE_METHOD_MATCH = YES;
				CODE_SIGN_IDENTITY = "-";
				COPY_PHASE_STRIP = NO;
				CURRENT_PROJECT_VERSION = 1;
				DEBUG_INFORMATION_FORMAT = dwarf;
				ENABLE_STRICT_OBJC_MSGSEND = YES;
				ENABLE_TESTABILITY = YES;
				GCC_C_LANGUAGE_STANDARD = gnu99;
				GCC_DYNAMIC_NO_PIC = NO;
				GCC_NO_COMMON_BLOCKS = YES;
				GCC_OPTIMIZATION_LEVEL = 0;
				GCC_PREPROCESSOR_DEFINITIONS = (
					"DEBUG=1",
					"$(inherited)",
				);
				GCC_WARN_64_TO_32_BIT_CONVERSION = YES;
				GCC_WARN_ABOUT_RETURN_TYPE = YES_ERROR;
				GCC_WARN_UNDECLARED_SELECTOR = YES;
				GCC_WARN_UNINITIALIZED_AUTOS = YES_AGGRESSIVE;
				GCC_WARN_UNUSED_FUNCTION = YES;
				GCC_WARN_UNUSED_VARIABLE = YES;
				MACOSX_DEPLOYMENT_TARGET = 10.12;
				MTL_ENABLE_DEBUG_INFO = YES;
				ONLY_ACTIVE_ARCH = YES;
				SDKROOT = macosx;
				SWIFT_ACTIVE_COMPILATION_CONDITIONS = DEBUG;
				SWIFT_OPTIMIZATION_LEVEL = "-Onone";
				VERSIONING_SYSTEM = "apple-generic";
				VERSION_INFO_PREFIX = "";
			};
			name = Debug;
		};
		8A310DED1E25D1CF00B85BBB /* Release */ = {
			isa = XCBuildConfiguration;
			buildSettings = {
				ALWAYS_SEARCH_USER_PATHS = NO;
				CLANG_ANALYZER_LOCALIZABILITY_NONLOCALIZED = YES;
				CLANG_ANALYZER_NONNULL = YES;
				CLANG_CXX_LANGUAGE_STANDARD = "gnu++0x";
				CLANG_CXX_LIBRARY = "libc++";
				CLANG_ENABLE_MODULES = YES;
				CLANG_ENABLE_OBJC_ARC = YES;
				CLANG_WARN_BLOCK_CAPTURE_AUTORELEASING = YES;
				CLANG_WARN_BOOL_CONVERSION = YES;
				CLANG_WARN_COMMA = YES;
				CLANG_WARN_CONSTANT_CONVERSION = YES;
				CLANG_WARN_DEPRECATED_OBJC_IMPLEMENTATIONS = YES;
				CLANG_WARN_DIRECT_OBJC_ISA_USAGE = YES_ERROR;
				CLANG_WARN_DOCUMENTATION_COMMENTS = YES;
				CLANG_WARN_EMPTY_BODY = YES;
				CLANG_WARN_ENUM_CONVERSION = YES;
				CLANG_WARN_INFINITE_RECURSION = YES;
				CLANG_WARN_INT_CONVERSION = YES;
				CLANG_WARN_NON_LITERAL_NULL_CONVERSION = YES;
				CLANG_WARN_OBJC_IMPLICIT_RETAIN_SELF = YES;
				CLANG_WARN_OBJC_LITERAL_CONVERSION = YES;
				CLANG_WARN_OBJC_ROOT_CLASS = YES_ERROR;
				CLANG_WARN_RANGE_LOOP_ANALYSIS = YES;
				CLANG_WARN_STRICT_PROTOTYPES = YES;
				CLANG_WARN_SUSPICIOUS_MOVE = YES;
				CLANG_WARN_UNREACHABLE_CODE = YES;
				CLANG_WARN__DUPLICATE_METHOD_MATCH = YES;
				CODE_SIGN_IDENTITY = "-";
				COPY_PHASE_STRIP = NO;
				CURRENT_PROJECT_VERSION = 1;
				DEBUG_INFORMATION_FORMAT = "dwarf-with-dsym";
				ENABLE_NS_ASSERTIONS = NO;
				ENABLE_STRICT_OBJC_MSGSEND = YES;
				GCC_C_LANGUAGE_STANDARD = gnu99;
				GCC_NO_COMMON_BLOCKS = YES;
				GCC_WARN_64_TO_32_BIT_CONVERSION = YES;
				GCC_WARN_ABOUT_RETURN_TYPE = YES_ERROR;
				GCC_WARN_UNDECLARED_SELECTOR = YES;
				GCC_WARN_UNINITIALIZED_AUTOS = YES_AGGRESSIVE;
				GCC_WARN_UNUSED_FUNCTION = YES;
				GCC_WARN_UNUSED_VARIABLE = YES;
				MACOSX_DEPLOYMENT_TARGET = 10.12;
				MTL_ENABLE_DEBUG_INFO = NO;
				SDKROOT = macosx;
				SWIFT_OPTIMIZATION_LEVEL = "-Owholemodule";
				VERSIONING_SYSTEM = "apple-generic";
				VERSION_INFO_PREFIX = "";
			};
			name = Release;
		};
		8A310DEF1E25D1CF00B85BBB /* Debug */ = {
			isa = XCBuildConfiguration;
			buildSettings = {
				CODE_SIGN_IDENTITY = "";
				COMBINE_HIDPI_IMAGES = YES;
				DEFINES_MODULE = YES;
				DYLIB_COMPATIBILITY_VERSION = 1;
				DYLIB_CURRENT_VERSION = 1;
				DYLIB_INSTALL_NAME_BASE = "@rpath";
				FRAMEWORK_VERSION = A;
				INFOPLIST_FILE = SRSwitch/Info.plist;
				INSTALL_PATH = "$(LOCAL_LIBRARY_DIR)/Frameworks";
				LD_RUNPATH_SEARCH_PATHS = "$(inherited) @executable_path/../Frameworks @loader_path/Frameworks";
				PRODUCT_BUNDLE_IDENTIFIER = com.seorenn.framework.SRSwitch;
				PRODUCT_NAME = SRSwitch;
				SKIP_INSTALL = YES;
				SWIFT_VERSION = 5.0;
			};
			name = Debug;
		};
		8A310DF01E25D1CF00B85BBB /* Release */ = {
			isa = XCBuildConfiguration;
			buildSettings = {
				CODE_SIGN_IDENTITY = "";
				COMBINE_HIDPI_IMAGES = YES;
				DEFINES_MODULE = YES;
				DYLIB_COMPATIBILITY_VERSION = 1;
				DYLIB_CURRENT_VERSION = 1;
				DYLIB_INSTALL_NAME_BASE = "@rpath";
				FRAMEWORK_VERSION = A;
				INFOPLIST_FILE = SRSwitch/Info.plist;
				INSTALL_PATH = "$(LOCAL_LIBRARY_DIR)/Frameworks";
				LD_RUNPATH_SEARCH_PATHS = "$(inherited) @executable_path/../Frameworks @loader_path/Frameworks";
				PRODUCT_BUNDLE_IDENTIFIER = com.seorenn.framework.SRSwitch;
				PRODUCT_NAME = SRSwitch;
				SKIP_INSTALL = YES;
				SWIFT_VERSION = 5.0;
			};
			name = Release;
		};
		8A310DF81E25D1F200B85BBB /* Debug */ = {
			isa = XCBuildConfiguration;
			buildSettings = {
				CODE_SIGN_IDENTITY = "";
				COMBINE_HIDPI_IMAGES = YES;
				DEFINES_MODULE = YES;
				DYLIB_COMPATIBILITY_VERSION = 1;
				DYLIB_CURRENT_VERSION = 1;
				DYLIB_INSTALL_NAME_BASE = "@rpath";
				FRAMEWORK_VERSION = A;
				INFOPLIST_FILE = "$(SRCROOT)/SRSwitch/Info.plist";
				INSTALL_PATH = "$(LOCAL_LIBRARY_DIR)/Frameworks";
				LD_RUNPATH_SEARCH_PATHS = "$(inherited) @executable_path/../Frameworks @loader_path/Frameworks";
				PRODUCT_BUNDLE_IDENTIFIER = com.seorenn.framework.SRSwitch;
				PRODUCT_NAME = SRSwitch;
				SDKROOT = iphoneos;
				SKIP_INSTALL = YES;
				SWIFT_VERSION = 3.0;
			};
			name = Debug;
		};
		8A310DF91E25D1F200B85BBB /* Release */ = {
			isa = XCBuildConfiguration;
			buildSettings = {
				CODE_SIGN_IDENTITY = "";
				COMBINE_HIDPI_IMAGES = YES;
				DEFINES_MODULE = YES;
				DYLIB_COMPATIBILITY_VERSION = 1;
				DYLIB_CURRENT_VERSION = 1;
				DYLIB_INSTALL_NAME_BASE = "@rpath";
				FRAMEWORK_VERSION = A;
				INFOPLIST_FILE = "$(SRCROOT)/SRSwitch/Info.plist";
				INSTALL_PATH = "$(LOCAL_LIBRARY_DIR)/Frameworks";
				LD_RUNPATH_SEARCH_PATHS = "$(inherited) @executable_path/../Frameworks @loader_path/Frameworks";
				PRODUCT_BUNDLE_IDENTIFIER = com.seorenn.framework.SRSwitch;
				PRODUCT_NAME = SRSwitch;
				SDKROOT = iphoneos;
				SKIP_INSTALL = YES;
				SWIFT_VERSION = 3.0;
			};
			name = Release;
		};
/* End XCBuildConfiguration section */

/* Begin XCConfigurationList section */
		8A310DE01E25D1CE00B85BBB /* Build configuration list for PBXProject "SRSwitch" */ = {
			isa = XCConfigurationList;
			buildConfigurations = (
				8A310DEC1E25D1CF00B85BBB /* Debug */,
				8A310DED1E25D1CF00B85BBB /* Release */,
			);
			defaultConfigurationIsVisible = 0;
			defaultConfigurationName = Release;
		};
		8A310DEE1E25D1CF00B85BBB /* Build configuration list for PBXNativeTarget "SRSwitch_macOS" */ = {
			isa = XCConfigurationList;
			buildConfigurations = (
				8A310DEF1E25D1CF00B85BBB /* Debug */,
				8A310DF01E25D1CF00B85BBB /* Release */,
			);
			defaultConfigurationIsVisible = 0;
			defaultConfigurationName = Release;
		};
		8A310DF71E25D1F200B85BBB /* Build configuration list for PBXNativeTarget "SRSwitch_iOS" */ = {
			isa = XCConfigurationList;
			buildConfigurations = (
				8A310DF81E25D1F200B85BBB /* Debug */,
				8A310DF91E25D1F200B85BBB /* Release */,
			);
			defaultConfigurationIsVisible = 0;
			defaultConfigurationName = Release;
		};
/* End XCConfigurationList section */
	};
	rootObject = 8A310DDD1E25D1CE00B85BBB /* Project object */;
}
