// !$*UTF8*$!
{
	archiveVersion = 1;
	classes = {
	};
	objectVersion = 46;
	objects = {

/* Begin PBXBuildFile section */
		8A310E101E25D76600B85BBB /* AppDelegate.swift in Sources */ = {isa = PBXBuildFile; fileRef = 8A310E0F1E25D76600B85BBB /* AppDelegate.swift */; };
		8A310E121E25D76600B85BBB /* ViewController.swift in Sources */ = {isa = PBXBuildFile; fileRef = 8A310E111E25D76600B85BBB /* ViewController.swift */; };
		8A310E141E25D76600B85BBB /* Assets.xcassets in Resources */ = {isa = PBXBuildFile; fileRef = 8A310E131E25D76600B85BBB /* Assets.xcassets */; };
		8A310E171E25D76600B85BBB /* Main.storyboard in Resources */ = {isa = PBXBuildFile; fileRef = 8A310E151E25D76600B85BBB /* Main.storyboard */; };
		8A310E271E25D92800B85BBB /* SRSwitch.framework in Frameworks */ = {isa = PBXBuildFile; fileRef = 8A310E241E25D91C00B85BBB /* SRSwitch.framework */; };
		8A310E281E25D92800B85BBB /* SRSwitch.framework in Embed Frameworks */ = {isa = PBXBuildFile; fileRef = 8A310E241E25D91C00B85BBB /* SRSwitch.framework */; settings = {ATTRIBUTES = (CodeSignOnCopy, RemoveHeadersOnCopy, ); }; };
/* End PBXBuildFile section */

/* Begin PBXContainerItemProxy section */
		8A310E231E25D91C00B85BBB /* PBXContainerItemProxy */ = {
			isa = PBXContainerItemProxy;
			containerPortal = 8A310E1E1E25D91C00B85BBB /* SRSwitch.xcodeproj */;
			proxyType = 2;
			remoteGlobalIDString = 8A310DE61E25D1CF00B85BBB;
			remoteInfo = SRSwitch_macOS;
		};
		8A310E251E25D91C00B85BBB /* PBXContainerItemProxy */ = {
			isa = PBXContainerItemProxy;
			containerPortal = 8A310E1E1E25D91C00B85BBB /* SRSwitch.xcodeproj */;
			proxyType = 2;
			remoteGlobalIDString = 8A310DFA1E25D1F200B85BBB;
			remoteInfo = SRSwitch_iOS;
		};
		8A310E291E25D92800B85BBB /* PBXContainerItemProxy */ = {
			isa = PBXContainerItemProxy;
			containerPortal = 8A310E1E1E25D91C00B85BBB /* SRSwitch.xcodeproj */;
			proxyType = 1;
			remoteGlobalIDString = 8A310DE51E25D1CE00B85BBB;
			remoteInfo = SRSwitch_macOS;
		};
/* End PBXContainerItemProxy section */

/* Begin PBXCopyFilesBuildPhase section */
		8A310E2B1E25D92800B85BBB /* Embed Frameworks */ = {
			isa = PBXCopyFilesBuildPhase;
			buildActionMask = 2147483647;
			dstPath = "";
			dstSubfolderSpec = 10;
			files = (
				8A310E281E25D92800B85BBB /* SRSwitch.framework in Embed Frameworks */,
			);
			name = "Embed Frameworks";
			runOnlyForDeploymentPostprocessing = 0;
		};
/* End PBXCopyFilesBuildPhase section */

/* Begin PBXFileReference section */
		8A310E0C1E25D76600B85BBB /* SRSwitchMacDemo.app */ = {isa = PBXFileReference; explicitFileType = wrapper.application; includeInIndex = 0; path = SRSwitchMacDemo.app; sourceTree = BUILT_PRODUCTS_DIR; };
		8A310E0F1E25D76600B85BBB /* AppDelegate.swift */ = {isa = PBXFileReference; lastKnownFileType = sourcecode.swift; path = AppDelegate.swift; sourceTree = "<group>"; };
		8A310E111E25D76600B85BBB /* ViewController.swift */ = {isa = PBXFileReference; lastKnownFileType = sourcecode.swift; path = ViewController.swift; sourceTree = "<group>"; };
		8A310E131E25D76600B85BBB /* Assets.xcassets */ = {isa = PBXFileReference; lastKnownFileType = folder.assetcatalog; path = Assets.xcassets; sourceTree = "<group>"; };
		8A310E161E25D76600B85BBB /* Base */ = {isa = PBXFileReference; lastKnownFileType = file.storyboard; name = Base; path = Base.lproj/Main.storyboard; sourceTree = "<group>"; };
		8A310E181E25D76600B85BBB /* Info.plist */ = {isa = PBXFileReference; lastKnownFileType = text.plist.xml; path = Info.plist; sourceTree = "<group>"; };
		8A310E1E1E25D91C00B85BBB /* SRSwitch.xcodeproj */ = {isa = PBXFileReference; lastKnownFileType = "wrapper.pb-project"; name = SRSwitch.xcodeproj; path = ../../SRSwitch.xcodeproj; sourceTree = "<group>"; };
/* End PBXFileReference section */

/* Begin PBXFrameworksBuildPhase section */
		8A310E091E25D76600B85BBB /* Frameworks */ = {
			isa = PBXFrameworksBuildPhase;
			buildActionMask = 2147483647;
			files = (
				8A310E271E25D92800B85BBB /* SRSwitch.framework in Frameworks */,
			);
			runOnlyForDeploymentPostprocessing = 0;
		};
/* End PBXFrameworksBuildPhase section */

/* Begin PBXGroup section */
		8A310E031E25D76600B85BBB = {
			isa = PBXGroup;
			children = (
				8A310E1E1E25D91C00B85BBB /* SRSwitch.xcodeproj */,
				8A310E0E1E25D76600B85BBB /* SRSwitchMacDemo */,
				8A310E0D1E25D76600B85BBB /* Products */,
			);
			sourceTree = "<group>";
		};
		8A310E0D1E25D76600B85BBB /* Products */ = {
			isa = PBXGroup;
			children = (
				8A310E0C1E25D76600B85BBB /* SRSwitchMacDemo.app */,
			);
			name = Products;
			sourceTree = "<group>";
		};
		8A310E0E1E25D76600B85BBB /* SRSwitchMacDemo */ = {
			isa = PBXGroup;
			children = (
				8A310E0F1E25D76600B85BBB /* AppDelegate.swift */,
				8A310E111E25D76600B85BBB /* ViewController.swift */,
				8A310E131E25D76600B85BBB /* Assets.xcassets */,
				8A310E151E25D76600B85BBB /* Main.storyboard */,
				8A310E181E25D76600B85BBB /* Info.plist */,
			);
			path = SRSwitchMacDemo;
			sourceTree = "<group>";
		};
		8A310E1F1E25D91C00B85BBB /* Products */ = {
			isa = PBXGroup;
			children = (
				8A310E241E25D91C00B85BBB /* SRSwitch.framework */,
				8A310E261E25D91C00B85BBB /* SRSwitch.framework */,
			);
			name = Products;
			sourceTree = "<group>";
		};
/* End PBXGroup section */

/* Begin PBXNativeTarget section */
		8A310E0B1E25D76600B85BBB /* SRSwitchMacDemo */ = {
			isa = PBXNativeTarget;
			buildConfigurationList = 8A310E1B1E25D76600B85BBB /* Build configuration list for PBXNativeTarget "SRSwitchMacDemo" */;
			buildPhases = (
				8A310E081E25D76600B85BBB /* Sources */,
				8A310E091E25D76600B85BBB /* Frameworks */,
				8A310E0A1E25D76600B85BBB /* Resources */,
				8A310E2B1E25D92800B85BBB /* Embed Frameworks */,
			);
			buildRules = (
			);
			dependencies = (
				8A310E2A1E25D92800B85BBB /* PBXTargetDependency */,
			);
			name = SRSwitchMacDemo;
			productName = SRSwitchMacDemo;
			productReference = 8A310E0C1E25D76600B85BBB /* SRSwitchMacDemo.app */;
			productType = "com.apple.product-type.application";
		};
/* End PBXNativeTarget section */

/* Begin PBXProject section */
		8A310E041E25D76600B85BBB /* Project object */ = {
			isa = PBXProject;
			attributes = {
				LastSwiftUpdateCheck = 0820;
				LastUpgradeCheck = 1010;
				ORGANIZATIONNAME = Seorenn;
				TargetAttributes = {
					8A310E0B1E25D76600B85BBB = {
						CreatedOnToolsVersion = 8.2.1;
						LastSwiftMigration = 1010;
						ProvisioningStyle = Automatic;
					};
				};
			};
			buildConfigurationList = 8A310E071E25D76600B85BBB /* Build configuration list for PBXProject "SRSwitchMacDemo" */;
			compatibilityVersion = "Xcode 3.2";
			developmentRegion = English;
			hasScannedForEncodings = 0;
			knownRegions = (
				en,
				Base,
			);
			mainGroup = 8A310E031E25D76600B85BBB;
			productRefGroup = 8A310E0D1E25D76600B85BBB /* Products */;
			projectDirPath = "";
			projectReferences = (
				{
					ProductGroup = 8A310E1F1E25D91C00B85BBB /* Products */;
					ProjectRef = 8A310E1E1E25D91C00B85BBB /* SRSwitch.xcodeproj */;
				},
			);
			projectRoot = "";
			targets = (
				8A310E0B1E25D76600B85BBB /* SRSwitchMacDemo */,
			);
		};
/* End PBXProject section */

/* Begin PBXReferenceProxy section */
		8A310E241E25D91C00B85BBB /* SRSwitch.framework */ = {
			isa = PBXReferenceProxy;
			fileType = wrapper.framework;
			path = SRSwitch.framework;
			remoteRef = 8A310E231E25D91C00B85BBB /* PBXContainerItemProxy */;
			sourceTree = BUILT_PRODUCTS_DIR;
		};
		8A310E261E25D91C00B85BBB /* SRSwitch.framework */ = {
			isa = PBXReferenceProxy;
			fileType = wrapper.framework;
			path = SRSwitch.framework;
			remoteRef = 8A310E251E25D91C00B85BBB /* PBXContainerItemProxy */;
			sourceTree = BUILT_PRODUCTS_DIR;
		};
/* End PBXReferenceProxy section */

/* Begin PBXResourcesBuildPhase section */
		8A310E0A1E25D76600B85BBB /* Resources */ = {
			isa = PBXResourcesBuildPhase;
			buildActionMask = 2147483647;
			files = (
				8A310E141E25D76600B85BBB /* Assets.xcassets in Resources */,
				8A310E171E25D76600B85BBB /* Main.storyboard in Resources */,
			);
			runOnlyForDeploymentPostprocessing = 0;
		};
/* End PBXResourcesBuildPhase section */

/* Begin PBXSourcesBuildPhase section */
		8A310E081E25D76600B85BBB /* Sources */ = {
			isa = PBXSourcesBuildPhase;
			buildActionMask = 2147483647;
			files = (
				8A310E121E25D76600B85BBB /* ViewController.swift in Sources */,
				8A310E101E25D76600B85BBB /* AppDelegate.swift in Sources */,
			);
			runOnlyForDeploymentPostprocessing = 0;
		};
/* End PBXSourcesBuildPhase section */

/* Begin PBXTargetDependency section */
		8A310E2A1E25D92800B85BBB /* PBXTargetDependency */ = {
			isa = PBXTargetDependency;
			name = SRSwitch_macOS;
			targetProxy = 8A310E291E25D92800B85BBB /* PBXContainerItemProxy */;
		};
/* End PBXTargetDependency section */

/* Begin PBXVariantGroup section */
		8A310E151E25D76600B85BBB /* Main.storyboard */ = {
			isa = PBXVariantGroup;
			children = (
				8A310E161E25D76600B85BBB /* Base */,
			);
			name = Main.storyboard;
			sourceTree = "<group>";
		};
/* End PBXVariantGroup section */

/* Begin XCBuildConfiguration section */
		8A310E191E25D76600B85BBB /* Debug */ = {
			isa = XCBuildConfiguration;
			buildSettings = {
				ALWAYS_SEARCH_USER_PATHS = NO;
				CLANG_ANALYZER_NONNULL = YES;
				CLANG_CXX_LANGUAGE_STANDARD = "gnu++0x";
				CLANG_CXX_LIBRARY = "libc++";
				CLANG_ENABLE_MODULES = YES;
				CLANG_ENABLE_OBJC_ARC = YES;
				CLANG_WARN_BLOCK_CAPTURE_AUTORELEASING = YES;
				CLANG_WARN_BOOL_CONVERSION = YES;
				CLANG_WARN_COMMA = YES;
				CLANG_WARN_CONSTANT_CONVERSION = YES;
				CLANG_WARN_DEPRECATED_OBJC_IMPLEMENTATIONS = YES;
				CLANG_WARN_DIRECT_OBJC_ISA_USAGE = YES_ERROR;
				CLANG_WARN_DOCUMENTATION_COMMENTS = YES;
				CLANG_WARN_EMPTY_BODY = YES;
				CLANG_WARN_ENUM_CONVERSION = YES;
				CLANG_WARN_INFINITE_RECURSION = YES;
				CLANG_WARN_INT_CONVERSION = YES;
				CLANG_WARN_NON_LITERAL_NULL_CONVERSION = YES;
				CLANG_WARN_OBJC_IMPLICIT_RETAIN_SELF = YES;
				CLANG_WARN_OBJC_LITERAL_CONVERSION = YES;
				CLANG_WARN_OBJC_ROOT_CLASS = YES_ERROR;
				CLANG_WARN_RANGE_LOOP_ANALYSIS = YES;
				CLANG_WARN_STRICT_PROTOTYPES = YES;
				CLANG_WARN_SUSPICIOUS_MOVE = YES;
				CLANG_WARN_UNREACHABLE_CODE = YES;
				CLANG_WARN__DUPLICATE_METHOD_MATCH = YES;
				CODE_SIGN_IDENTITY = "-";
				COPY_PHASE_STRIP = NO;
				DEBUG_INFORMATION_FORMAT = dwarf;
				ENABLE_STRICT_OBJC_MSGSEND = YES;
				ENABLE_TESTABILITY = YES;
				GCC_C_LANGUAGE_STANDARD = gnu99;
				GCC_DYNAMIC_NO_PIC = NO;
				GCC_NO_COMMON_BLOCKS = YES;
				GCC_OPTIMIZATION_LEVEL = 0;
				GCC_PREPROCESSOR_DEFINITIONS = (
					"DEBUG=1",
					"$(inherited)",
				);
				GCC_WARN_64_TO_32_BIT_CONVERSION = YES;
				GCC_WARN_ABOUT_RETURN_TYPE = YES_ERROR;
				GCC_WARN_UNDECLARED_SELECTOR = YES;
				GCC_WARN_UNINITIALIZED_AUTOS = YES_AGGRESSIVE;
				GCC_WARN_UNUSED_FUNCTION = YES;
				GCC_WARN_UNUSED_VARIABLE = YES;
				MACOSX_DEPLOYMENT_TARGET = 10.12;
				MTL_ENABLE_DEBUG_INFO = YES;
				ONLY_ACTIVE_ARCH = YES;
				SDKROOT = macosx;
				SWIFT_ACTIVE_COMPILATION_CONDITIONS = DEBUG;
				SWIFT_OPTIMIZATION_LEVEL = "-Onone";
			};
			name = Debug;
		};
		8A310E1A1E25D76600B85BBB /* Release */ = {
			isa = XCBuildConfiguration;
			buildSettings = {
				ALWAYS_SEARCH_USER_PATHS = NO;
				CLANG_ANALYZER_NONNULL = YES;
				CLANG_CXX_LANGUAGE_STANDARD = "gnu++0x";
				CLANG_CXX_LIBRARY = "libc++";
				CLANG_ENABLE_MODULES = YES;
				CLANG_ENABLE_OBJC_ARC = YES;
				CLANG_WARN_BLOCK_CAPTURE_AUTORELEASING = YES;
				CLANG_WARN_BOOL_CONVERSION = YES;
				CLANG_WARN_COMMA = YES;
				CLANG_WARN_CONSTANT_CONVERSION = YES;
				CLANG_WARN_DEPRECATED_OBJC_IMPLEMENTATIONS = YES;
				CLANG_WARN_DIRECT_OBJC_ISA_USAGE = YES_ERROR;
				CLANG_WARN_DOCUMENTATION_COMMENTS = YES;
				CLANG_WARN_EMPTY_BODY = YES;
				CLANG_WARN_ENUM_CONVERSION = YES;
				CLANG_WARN_INFINITE_RECURSION = YES;
				CLANG_WARN_INT_CONVERSION = YES;
				CLANG_WARN_NON_LITERAL_NULL_CONVERSION = YES;
				CLANG_WARN_OBJC_IMPLICIT_RETAIN_SELF = YES;
				CLANG_WARN_OBJC_LITERAL_CONVERSION = YES;
				CLANG_WARN_OBJC_ROOT_CLASS = YES_ERROR;
				CLANG_WARN_RANGE_LOOP_ANALYSIS = YES;
				CLANG_WARN_STRICT_PROTOTYPES = YES;
				CLANG_WARN_SUSPICIOUS_MOVE = YES;
				CLANG_WARN_UNREACHABLE_CODE = YES;
				CLANG_WARN__DUPLICATE_METHOD_MATCH = YES;
				CODE_SIGN_IDENTITY = "-";
				COPY_PHASE_STRIP = NO;
				DEBUG_INFORMATION_FORMAT = "dwarf-with-dsym";
				ENABLE_NS_ASSERTIONS = NO;
				ENABLE_STRICT_OBJC_MSGSEND = YES;
				GCC_C_LANGUAGE_STANDARD = gnu99;
				GCC_NO_COMMON_BLOCKS = YES;
				GCC_WARN_64_TO_32_BIT_CONVERSION = YES;
				GCC_WARN_ABOUT_RETURN_TYPE = YES_ERROR;
				GCC_WARN_UNDECLARED_SELECTOR = YES;
				GCC_WARN_UNINITIALIZED_AUTOS = YES_AGGRESSIVE;
				GCC_WARN_UNUSED_FUNCTION = YES;
				GCC_WARN_UNUSED_VARIABLE = YES;
				MACOSX_DEPLOYMENT_TARGET = 10.12;
				MTL_ENABLE_DEBUG_INFO = NO;
				SDKROOT = macosx;
				SWIFT_OPTIMIZATION_LEVEL = "-Owholemodule";
			};
			name = Release;
		};
		8A310E1C1E25D76600B85BBB /* Debug */ = {
			isa = XCBuildConfiguration;
			buildSettings = {
				ALWAYS_EMBED_SWIFT_STANDARD_LIBRARIES = YES;
				ASSETCATALOG_COMPILER_APPICON_NAME = AppIcon;
				COMBINE_HIDPI_IMAGES = YES;
				INFOPLIST_FILE = SRSwitchMacDemo/Info.plist;
				LD_RUNPATH_SEARCH_PATHS = "$(inherited) @executable_path/../Frameworks";
				PRODUCT_BUNDLE_IDENTIFIER = com.seorenn.framework.srswitch.SRSwitchMacDemo;
				PRODUCT_NAME = "$(TARGET_NAME)";
				SWIFT_SWIFT3_OBJC_INFERENCE = Default;
				SWIFT_VERSION = 4.2;
			};
			name = Debug;
		};
		8A310E1D1E25D76600B85BBB /* Release */ = {
			isa = XCBuildConfiguration;
			buildSettings = {
				ALWAYS_EMBED_SWIFT_STANDARD_LIBRARIES = YES;
				ASSETCATALOG_COMPILER_APPICON_NAME = AppIcon;
				COMBINE_HIDPI_IMAGES = YES;
				INFOPLIST_FILE = SRSwitchMacDemo/Info.plist;
				LD_RUNPATH_SEARCH_PATHS = "$(inherited) @executable_path/../Frameworks";
				PRODUCT_BUNDLE_IDENTIFIER = com.seorenn.framework.srswitch.SRSwitchMacDemo;
				PRODUCT_NAME = "$(TARGET_NAME)";
				SWIFT_SWIFT3_OBJC_INFERENCE = Default;
				SWIFT_VERSION = 4.2;
			};
			name = Release;
		};
/* End XCBuildConfiguration section */

/* Begin XCConfigurationList section */
		8A310E071E25D76600B85BBB /* Build configuration list for PBXProject "SRSwitchMacDemo" */ = {
			isa = XCConfigurationList;
			buildConfigurations = (
				8A310E191E25D76600B85BBB /* Debug */,
				8A310E1A1E25D76600B85BBB /* Release */,
			);
			defaultConfigurationIsVisible = 0;
			defaultConfigurationName = Release;
		};
		8A310E1B1E25D76600B85BBB /* Build configuration list for PBXNativeTarget "SRSwitchMacDemo" */ = {
			isa = XCConfigurationList;
			buildConfigurations = (
				8A310E1C1E25D76600B85BBB /* Debug */,
				8A310E1D1E25D76600B85BBB /* Release */,
			);
			defaultConfigurationIsVisible = 0;
			defaultConfigurationName = Release;
		};
/* End XCConfigurationList section */
	};
	rootObject = 8A310E041E25D76600B85BBB /* Project object */;
}
